
Microsoft Visual Studio Solution File, Format Version 12.00
# Visual Studio Version 17
VisualStudioVersion = 17.2.32630.192
MinimumVisualStudioVersion = 10.0.40219.1
Project("{9A19103F-16F7-4668-BE54-9A1E7A4F7556}") = "R5T.T0203.Construction", "R5T.T0203.Construction\R5T.T0203.Construction.csproj", "{E6C94EA3-B101-473B-B86E-F37A94DB6034}"
EndProject
Project("{9A19103F-16F7-4668-BE54-9A1E7A4F7556}") = "R5T.T0203", "R5T.T0203\R5T.T0203.csproj", "{5D1357FE-85A2-4B02-B241-20B160FFE0A3}"
EndProject
Project("{2150E333-8FDC-42A3-9474-1A3956D46DE8}") = "_Dependencies", "_Dependencies", "{5AC89342-E71B-45D5-B93B-70FE84522ED8}"
EndProject
Project("{9A19103F-16F7-4668-BE54-9A1E7A4F7556}") = "R5T.T0132", "..\..\R5T.T0132\source\R5T.T0132\R5T.T0132.csproj", "{EBBF125A-EB36-435E-B3AC-BE786E1EC18A}"
EndProject
Project("{9A19103F-16F7-4668-BE54-9A1E7A4F7556}") = "R5T.T0143", "..\..\R5T.T0143\source\R5T.T0143\R5T.T0143.csproj", "{9E9A8ADF-8DC4-4E28-85F8-B216E1BB56DD}"
EndProject
Project("{9A19103F-16F7-4668-BE54-9A1E7A4F7556}") = "R5T.T0178", "..\..\R5T.T0178\source\R5T.T0178\R5T.T0178.csproj", "{FB8EA30E-C5B9-4DDB-898B-D44A0DC6A587}"
EndProject
Project("{9A19103F-16F7-4668-BE54-9A1E7A4F7556}") = "R5T.T0179", "..\..\R5T.T0179\source\R5T.T0179\R5T.T0179.csproj", "{CB98C9AE-D8C5-4C9B-B23C-00C4280553FB}"
EndProject
Project("{9A19103F-16F7-4668-BE54-9A1E7A4F7556}") = "R5T.T0185", "..\..\R5T.T0185\source\R5T.T0185\R5T.T0185.csproj", "{370E40DB-F9B8-4F00-AEF5-483513BBF572}"
EndProject
Global
	GlobalSection(NestedProjects) = preSolution
		{EBBF125A-EB36-435E-B3AC-BE786E1EC18A} = {5AC89342-E71B-45D5-B93B-70FE84522ED8}
		{9E9A8ADF-8DC4-4E28-85F8-B216E1BB56DD} = {5AC89342-E71B-45D5-B93B-70FE84522ED8}
		{FB8EA30E-C5B9-4DDB-898B-D44A0DC6A587} = {5AC89342-E71B-45D5-B93B-70FE84522ED8}
		{CB98C9AE-D8C5-4C9B-B23C-00C4280553FB} = {5AC89342-E71B-45D5-B93B-70FE84522ED8}
		{370E40DB-F9B8-4F00-AEF5-483513BBF572} = {5AC89342-E71B-45D5-B93B-70FE84522ED8}
	EndGlobalSection
	GlobalSection(SolutionConfigurationPlatforms) = preSolution
		Debug|Any CPU = Debug|Any CPU
		Release|Any CPU = Release|Any CPU
	EndGlobalSection
	GlobalSection(ProjectConfigurationPlatforms) = postSolution
		{E6C94EA3-B101-473B-B86E-F37A94DB6034}.Debug|Any CPU.ActiveCfg = Debug|Any CPU
		{E6C94EA3-B101-473B-B86E-F37A94DB6034}.Debug|Any CPU.Build.0 = Debug|Any CPU
		{E6C94EA3-B101-473B-B86E-F37A94DB6034}.Release|Any CPU.ActiveCfg = Release|Any CPU
		{E6C94EA3-B101-473B-B86E-F37A94DB6034}.Release|Any CPU.Build.0 = Release|Any CPU
		{5D1357FE-85A2-4B02-B241-20B160FFE0A3}.Debug|Any CPU.ActiveCfg = Debug|Any CPU
		{5D1357FE-85A2-4B02-B241-20B160FFE0A3}.Debug|Any CPU.Build.0 = Debug|Any CPU
		{5D1357FE-85A2-4B02-B241-20B160FFE0A3}.Release|Any CPU.ActiveCfg = Release|Any CPU
		{5D1357FE-85A2-4B02-B241-20B160FFE0A3}.Release|Any CPU.Build.0 = Release|Any CPU
		{EBBF125A-EB36-435E-B3AC-BE786E1EC18A}.Debug|Any CPU.ActiveCfg = Debug|Any CPU
		{EBBF125A-EB36-435E-B3AC-BE786E1EC18A}.Debug|Any CPU.Build.0 = Debug|Any CPU
		{EBBF125A-EB36-435E-B3AC-BE786E1EC18A}.Release|Any CPU.ActiveCfg = Release|Any CPU
		{EBBF125A-EB36-435E-B3AC-BE786E1EC18A}.Release|Any CPU.Build.0 = Release|Any CPU
		{9E9A8ADF-8DC4-4E28-85F8-B216E1BB56DD}.Debug|Any CPU.ActiveCfg = Debug|Any CPU
		{9E9A8ADF-8DC4-4E28-85F8-B216E1BB56DD}.Debug|Any CPU.Build.0 = Debug|Any CPU
		{9E9A8ADF-8DC4-4E28-85F8-B216E1BB56DD}.Release|Any CPU.ActiveCfg = Release|Any CPU
		{9E9A8ADF-8DC4-4E28-85F8-B216E1BB56DD}.Release|Any CPU.Build.0 = Release|Any CPU
		{FB8EA30E-C5B9-4DDB-898B-D44A0DC6A587}.Debug|Any CPU.ActiveCfg = Debug|Any CPU
		{FB8EA30E-C5B9-4DDB-898B-D44A0DC6A587}.Debug|Any CPU.Build.0 = Debug|Any CPU
		{FB8EA30E-C5B9-4DDB-898B-D44A0DC6A587}.Release|Any CPU.ActiveCfg = Release|Any CPU
		{FB8EA30E-C5B9-4DDB-898B-D44A0DC6A587}.Release|Any CPU.Build.0 = Release|Any CPU
		{CB98C9AE-D8C5-4C9B-B23C-00C4280553FB}.Debug|Any CPU.ActiveCfg = Debug|Any CPU
		{CB98C9AE-D8C5-4C9B-B23C-00C4280553FB}.Debug|Any CPU.Build.0 = Debug|Any CPU
		{CB98C9AE-D8C5-4C9B-B23C-00C4280553FB}.Release|Any CPU.ActiveCfg = Release|Any CPU
		{CB98C9AE-D8C5-4C9B-B23C-00C4280553FB}.Release|Any CPU.Build.0 = Release|Any CPU
		{370E40DB-F9B8-4F00-AEF5-483513BBF572}.Debug|Any CPU.ActiveCfg = Debug|Any CPU
		{370E40DB-F9B8-4F00-AEF5-483513BBF572}.Debug|Any CPU.Build.0 = Debug|Any CPU
		{370E40DB-F9B8-4F00-AEF5-483513BBF572}.Release|Any CPU.ActiveCfg = Release|Any CPU
		{370E40DB-F9B8-4F00-AEF5-483513BBF572}.Release|Any CPU.Build.0 = Release|Any CPU
	EndGlobalSection
	GlobalSection(SolutionProperties) = preSolution
		HideSolutionNode = FALSE
	EndGlobalSection
	GlobalSection(ExtensibilityGlobals) = postSolution
		SolutionGuid = {680A6905-FF91-486D-B4C5-9DF653CEEEA1}
	EndGlobalSection
EndGlobal
